
Microsoft Visual Studio Solution File, Format Version 12.00
# Visual Studio 15
VisualStudioVersion = 15.0.27004.2005
MinimumVisualStudioVersion = 10.0.40219.1
Project("{9A19103F-16F7-4668-BE54-9A1E7A4F7556}") = "Unity.Microsoft.Logging", "src\Unity.Microsoft.Logging.csproj", "{74B8AD0A-E2DD-42CB-8391-A86586F77529}"
EndProject
Project("{9A19103F-16F7-4668-BE54-9A1E7A4F7556}") = "Microsoft.Logging.Tests", "tests\Microsoft.Logging.Tests.csproj", "{9C31FECA-443B-4953-886A-F7DE3597A040}"
EndProject
Global
	GlobalSection(SolutionConfigurationPlatforms) = preSolution
		Debug|Any CPU = Debug|Any CPU
		Release|Any CPU = Release|Any CPU
	EndGlobalSection
	GlobalSection(ProjectConfigurationPlatforms) = postSolution
		{74B8AD0A-E2DD-42CB-8391-A86586F77529}.Debug|Any CPU.ActiveCfg = Debug|Any CPU
		{74B8AD0A-E2DD-42CB-8391-A86586F77529}.Debug|Any CPU.Build.0 = Debug|Any CPU
		{74B8AD0A-E2DD-42CB-8391-A86586F77529}.Release|Any CPU.ActiveCfg = Release|Any CPU
		{74B8AD0A-E2DD-42CB-8391-A86586F77529}.Release|Any CPU.Build.0 = Release|Any CPU
		{9C31FECA-443B-4953-886A-F7DE3597A040}.Debug|Any CPU.ActiveCfg = Debug|Any CPU
		{9C31FECA-443B-4953-886A-F7DE3597A040}.Debug|Any CPU.Build.0 = Debug|Any CPU
		{9C31FECA-443B-4953-886A-F7DE3597A040}.Release|Any CPU.ActiveCfg = Release|Any CPU
		{9C31FECA-443B-4953-886A-F7DE3597A040}.Release|Any CPU.Build.0 = Release|Any CPU
	EndGlobalSection
	GlobalSection(SolutionProperties) = preSolution
		HideSolutionNode = FALSE
	EndGlobalSection
	GlobalSection(ExtensibilityGlobals) = postSolution
		SolutionGuid = {F9EAE93A-CE20-498A-8BC7-183974E8323A}
	EndGlobalSection
EndGlobal
